
Microsoft Visual Studio Solution File, Format Version 12.00
# Visual Studio 15
VisualStudioVersion = 15.0.28306.52
MinimumVisualStudioVersion = 10.0.40219.1
Project("{9A19103F-16F7-4668-BE54-9A1E7A4F7556}") = "DepartMentDemo", "DepartMentDemo\DepartMentDemo.csproj", "{A22E58CB-EB82-41EF-863C-547F565BE56F}"
EndProject
Global
	GlobalSection(SolutionConfigurationPlatforms) = preSolution
		Debug|Any CPU = Debug|Any CPU
		Release|Any CPU = Release|Any CPU
	EndGlobalSection
	GlobalSection(ProjectConfigurationPlatforms) = postSolution
		{A22E58CB-EB82-41EF-863C-547F565BE56F}.Debug|Any CPU.ActiveCfg = Debug|Any CPU
		{A22E58CB-EB82-41EF-863C-547F565BE56F}.Debug|Any CPU.Build.0 = Debug|Any CPU
		{A22E58CB-EB82-41EF-863C-547F565BE56F}.Release|Any CPU.ActiveCfg = Release|Any CPU
		{A22E58CB-EB82-41EF-863C-547F565BE56F}.Release|Any CPU.Build.0 = Release|Any CPU
	EndGlobalSection
	GlobalSection(SolutionProperties) = preSolution
		HideSolutionNode = FALSE
	EndGlobalSection
	GlobalSection(ExtensibilityGlobals) = postSolution
		SolutionGuid = {E79D7705-4274-4CC0-9903-7646EEC77396}
	EndGlobalSection
EndGlobal
